
Microsoft Visual Studio Solution File, Format Version 12.00
Project("{FAE04EC0-301F-11D3-BF4B-00C04F79EFBC}") = "CapitalManipulator", "CapitalManipulator\CapitalManipulator.csproj", "{E0D70F40-A7A8-4E3F-AAD4-695F419B03A2}"
EndProject
Global
	GlobalSection(SolutionConfigurationPlatforms) = preSolution
		Debug|Any CPU = Debug|Any CPU
		Release|Any CPU = Release|Any CPU
	EndGlobalSection
	GlobalSection(ProjectConfigurationPlatforms) = postSolution
		{E0D70F40-A7A8-4E3F-AAD4-695F419B03A2}.Debug|Any CPU.ActiveCfg = Debug|Any CPU
		{E0D70F40-A7A8-4E3F-AAD4-695F419B03A2}.Debug|Any CPU.Build.0 = Debug|Any CPU
		{E0D70F40-A7A8-4E3F-AAD4-695F419B03A2}.Release|Any CPU.ActiveCfg = Release|Any CPU
		{E0D70F40-A7A8-4E3F-AAD4-695F419B03A2}.Release|Any CPU.Build.0 = Release|Any CPU
	EndGlobalSection
EndGlobal
